
Microsoft Visual Studio Solution File, Format Version 12.00
# Visual Studio 2012
Project("{FAE04EC0-301F-11D3-BF4B-00C04F79EFBC}") = "APIs Homework", "APIs Homework\APIs Homework.csproj", "{D17BF86C-4C88-4563-B48A-AD01CB44AF50}"
EndProject
Global
	GlobalSection(SolutionConfigurationPlatforms) = preSolution
		Debug|Any CPU = Debug|Any CPU
		Release|Any CPU = Release|Any CPU
	EndGlobalSection
	GlobalSection(ProjectConfigurationPlatforms) = postSolution
		{D17BF86C-4C88-4563-B48A-AD01CB44AF50}.Debug|Any CPU.ActiveCfg = Debug|Any CPU
		{D17BF86C-4C88-4563-B48A-AD01CB44AF50}.Debug|Any CPU.Build.0 = Debug|Any CPU
		{D17BF86C-4C88-4563-B48A-AD01CB44AF50}.Release|Any CPU.ActiveCfg = Release|Any CPU
		{D17BF86C-4C88-4563-B48A-AD01CB44AF50}.Release|Any CPU.Build.0 = Release|Any CPU
	EndGlobalSection
	GlobalSection(SolutionProperties) = preSolution
		HideSolutionNode = FALSE
	EndGlobalSection
EndGlobal
